
Microsoft Visual Studio Solution File, Format Version 12.00
# Visual Studio Version 17
VisualStudioVersion = 17.5.33318.248
MinimumVisualStudioVersion = 10.0.40219.1
Project("{FAE04EC0-301F-11D3-BF4B-00C04F79EFBC}") = "syteline-api-example", "syteline-api-example\syteline-api-example.csproj", "{DD7F6F3F-3D4F-494E-9D63-0ABA5B230EBE}"
EndProject
Global
	GlobalSection(SolutionConfigurationPlatforms) = preSolution
		Debug|Any CPU = Debug|Any CPU
		Release|Any CPU = Release|Any CPU
	EndGlobalSection
	GlobalSection(ProjectConfigurationPlatforms) = postSolution
		{DD7F6F3F-3D4F-494E-9D63-0ABA5B230EBE}.Debug|Any CPU.ActiveCfg = Debug|Any CPU
		{DD7F6F3F-3D4F-494E-9D63-0ABA5B230EBE}.Debug|Any CPU.Build.0 = Debug|Any CPU
		{DD7F6F3F-3D4F-494E-9D63-0ABA5B230EBE}.Release|Any CPU.ActiveCfg = Release|Any CPU
		{DD7F6F3F-3D4F-494E-9D63-0ABA5B230EBE}.Release|Any CPU.Build.0 = Release|Any CPU
	EndGlobalSection
	GlobalSection(SolutionProperties) = preSolution
		HideSolutionNode = FALSE
	EndGlobalSection
	GlobalSection(ExtensibilityGlobals) = postSolution
		SolutionGuid = {09D14521-612D-4F15-91B7-5B4E113CC46E}
	EndGlobalSection
EndGlobal
